
Microsoft Visual Studio Solution File, Format Version 12.00
# Visual Studio Version 17
VisualStudioVersion = 17.5.33516.290
MinimumVisualStudioVersion = 10.0.40219.1
Project("{8BC9CEB8-8B4A-11D0-8D11-00A0C91BC942}") = "ConsoleApplication1", "ConsoleApplication1\ConsoleApplication1.vcxproj", "{979090E1-0D8E-49BA-80CE-3800D13C41F6}"
EndProject
Global
	GlobalSection(SolutionConfigurationPlatforms) = preSolution
		Debug|x64 = Debug|x64
		Debug|x86 = Debug|x86
		Release|x64 = Release|x64
		Release|x86 = Release|x86
	EndGlobalSection
	GlobalSection(ProjectConfigurationPlatforms) = postSolution
		{979090E1-0D8E-49BA-80CE-3800D13C41F6}.Debug|x64.ActiveCfg = Debug|x64
		{979090E1-0D8E-49BA-80CE-3800D13C41F6}.Debug|x64.Build.0 = Debug|x64
		{979090E1-0D8E-49BA-80CE-3800D13C41F6}.Debug|x86.ActiveCfg = Debug|Win32
		{979090E1-0D8E-49BA-80CE-3800D13C41F6}.Debug|x86.Build.0 = Debug|Win32
		{979090E1-0D8E-49BA-80CE-3800D13C41F6}.Release|x64.ActiveCfg = Release|x64
		{979090E1-0D8E-49BA-80CE-3800D13C41F6}.Release|x64.Build.0 = Release|x64
		{979090E1-0D8E-49BA-80CE-3800D13C41F6}.Release|x86.ActiveCfg = Release|Win32
		{979090E1-0D8E-49BA-80CE-3800D13C41F6}.Release|x86.Build.0 = Release|Win32
	EndGlobalSection
	GlobalSection(SolutionProperties) = preSolution
		HideSolutionNode = FALSE
	EndGlobalSection
	GlobalSection(ExtensibilityGlobals) = postSolution
		SolutionGuid = {7E5F6D23-779F-46F1-A410-BB4A4F8F559B}
	EndGlobalSection
EndGlobal
